// !$*UTF8*$!
{
	archiveVersion = 1;
	classes = {
	};
	objectVersion = 52;
	objects = {

/* Begin PBXBuildFile section */
		48FF7BCD23F6962C004C87F4 /* AppDelegate.swift in Sources */ = {isa = PBXBuildFile; fileRef = 48FF7BCC23F6962C004C87F4 /* AppDelegate.swift */; };
		48FF7BCF23F6962C004C87F4 /* SceneDelegate.swift in Sources */ = {isa = PBXBuildFile; fileRef = 48FF7BCE23F6962C004C87F4 /* SceneDelegate.swift */; };
		48FF7BD123F6962C004C87F4 /* ViewController.swift in Sources */ = {isa = PBXBuildFile; fileRef = 48FF7BD023F6962C004C87F4 /* ViewController.swift */; };
		48FF7BD423F6962C004C87F4 /* Main.storyboard in Resources */ = {isa = PBXBuildFile; fileRef = 48FF7BD223F6962C004C87F4 /* Main.storyboard */; };
		48FF7BD623F69631004C87F4 /* Assets.xcassets in Resources */ = {isa = PBXBuildFile; fileRef = 48FF7BD523F69631004C87F4 /* Assets.xcassets */; };
		48FF7BD923F69631004C87F4 /* LaunchScreen.storyboard in Resources */ = {isa = PBXBuildFile; fileRef = 48FF7BD723F69631004C87F4 /* LaunchScreen.storyboard */; };
/* End PBXBuildFile section */

/* Begin PBXFileReference section */
		48FF7BC923F6962C004C87F4 /* Guess the Flag.app */ = {isa = PBXFileReference; explicitFileType = wrapper.application; includeInIndex = 0; path = "Guess the Flag.app"; sourceTree = BUILT_PRODUCTS_DIR; };
		48FF7BCC23F6962C004C87F4 /* AppDelegate.swift */ = {isa = PBXFileReference; lastKnownFileType = sourcecode.swift; path = AppDelegate.swift; sourceTree = "<group>"; };
		48FF7BCE23F6962C004C87F4 /* SceneDelegate.swift */ = {isa = PBXFileReference; lastKnownFileType = sourcecode.swift; path = SceneDelegate.swift; sourceTree = "<group>"; };
		48FF7BD023F6962C004C87F4 /* ViewController.swift */ = {isa = PBXFileReference; lastKnownFileType = sourcecode.swift; path = ViewController.swift; sourceTree = "<group>"; };
		48FF7BD323F6962C004C87F4 /* Base */ = {isa = PBXFileReference; lastKnownFileType = file.storyboard; name = Base; path = Base.lproj/Main.storyboard; sourceTree = "<group>"; };
		48FF7BD523F69631004C87F4 /* Assets.xcassets */ = {isa = PBXFileReference; lastKnownFileType = folder.assetcatalog; path = Assets.xcassets; sourceTree = "<group>"; };
		48FF7BD823F69631004C87F4 /* Base */ = {isa = PBXFileReference; lastKnownFileType = file.storyboard; name = Base; path = Base.lproj/LaunchScreen.storyboard; sourceTree = "<group>"; };
		48FF7BDA23F69631004C87F4 /* Info.plist */ = {isa = PBXFileReference; lastKnownFileType = text.plist.xml; path = Info.plist; sourceTree = "<group>"; };
/* End PBXFileReference section */

/* Begin PBXFrameworksBuildPhase section */
		48FF7BC623F6962C004C87F4 /* Frameworks */ = {
			isa = PBXFrameworksBuildPhase;
			buildActionMask = 2147483647;
			files = (
			);
			runOnlyForDeploymentPostprocessing = 0;
		};
/* End PBXFrameworksBuildPhase section */

/* Begin PBXGroup section */
		48FF7BC023F6962C004C87F4 = {
			isa = PBXGroup;
			children = (
				48FF7BCB23F6962C004C87F4 /* Guess the Flag */,
				48FF7BCA23F6962C004C87F4 /* Products */,
			);
			sourceTree = "<group>";
		};
		48FF7BCA23F6962C004C87F4 /* Products */ = {
			isa = PBXGroup;
			children = (
				48FF7BC923F6962C004C87F4 /* Guess the Flag.app */,
			);
			name = Products;
			sourceTree = "<group>";
		};
		48FF7BCB23F6962C004C87F4 /* Guess the Flag */ = {
			isa = PBXGroup;
			children = (
				48FF7BCC23F6962C004C87F4 /* AppDelegate.swift */,
				48FF7BCE23F6962C004C87F4 /* SceneDelegate.swift */,
				48FF7BD023F6962C004C87F4 /* ViewController.swift */,
				48FF7BD223F6962C004C87F4 /* Main.storyboard */,
				48FF7BD523F69631004C87F4 /* Assets.xcassets */,
				48FF7BD723F69631004C87F4 /* LaunchScreen.storyboard */,
				48FF7BDA23F69631004C87F4 /* Info.plist */,
			);
			path = "Guess the Flag";
			sourceTree = "<group>";
		};
/* End PBXGroup section */

/* Begin PBXNativeTarget section */
		48FF7BC823F6962C004C87F4 /* Guess the Flag */ = {
			isa = PBXNativeTarget;
			buildConfigurationList = 48FF7BDD23F69631004C87F4 /* Build configuration list for PBXNativeTarget "Guess the Flag" */;
			buildPhases = (
				48FF7BC523F6962C004C87F4 /* Sources */,
				48FF7BC623F6962C004C87F4 /* Frameworks */,
				48FF7BC723F6962C004C87F4 /* Resources */,
			);
			buildRules = (
			);
			dependencies = (
			);
			name = "Guess the Flag";
			productName = "Guess the Flag";
			productReference = 48FF7BC923F6962C004C87F4 /* Guess the Flag.app */;
			productType = "com.apple.product-type.application";
		};
/* End PBXNativeTarget section */

/* Begin PBXProject section */
		48FF7BC123F6962C004C87F4 /* Project object */ = {
			isa = PBXProject;
			attributes = {
				LastSwiftUpdateCheck = 1130;
				LastUpgradeCheck = 1130;
				ORGANIZATIONNAME = artnest;
				TargetAttributes = {
					48FF7BC823F6962C004C87F4 = {
						CreatedOnToolsVersion = 11.3.1;
					};
				};
			};
			buildConfigurationList = 48FF7BC423F6962C004C87F4 /* Build configuration list for PBXProject "Guess the Flag" */;
			compatibilityVersion = "Xcode 11.0";
			developmentRegion = en;
			hasScannedForEncodings = 0;
			knownRegions = (
				en,
				Base,
			);
			mainGroup = 48FF7BC023F6962C004C87F4;
			productRefGroup = 48FF7BCA23F6962C004C87F4 /* Products */;
			projectDirPath = "";
			projectRoot = "";
			targets = (
				48FF7BC823F6962C004C87F4 /* Guess the Flag */,
			);
		};
/* End PBXProject section */

/* Begin PBXResourcesBuildPhase section */
		48FF7BC723F6962C004C87F4 /* Resources */ = {
			isa = PBXResourcesBuildPhase;
			buildActionMask = 2147483647;
			files = (
				48FF7BD923F69631004C87F4 /* LaunchScreen.storyboard in Resources */,
				48FF7BD623F69631004C87F4 /* Assets.xcassets in Resources */,
				48FF7BD423F6962C004C87F4 /* Main.storyboard in Resources */,
			);
			runOnlyForDeploymentPostprocessing = 0;
		};
/* End PBXResourcesBuildPhase section */

/* Begin PBXSourcesBuildPhase section */
		48FF7BC523F6962C004C87F4 /* Sources */ = {
			isa = PBXSourcesBuildPhase;
			buildActionMask = 2147483647;
			files = (
				48FF7BD123F6962C004C87F4 /* ViewController.swift in Sources */,
				48FF7BCD23F6962C004C87F4 /* AppDelegate.swift in Sources */,
				48FF7BCF23F6962C004C87F4 /* SceneDelegate.swift in Sources */,
			);
			runOnlyForDeploymentPostprocessing = 0;
		};
/* End PBXSourcesBuildPhase section */

/* Begin PBXVariantGroup section */
		48FF7BD223F6962C004C87F4 /* Main.storyboard */ = {
			isa = PBXVariantGroup;
			children = (
				48FF7BD323F6962C004C87F4 /* Base */,
			);
			name = Main.storyboard;
			sourceTree = "<group>";
		};
		48FF7BD723F69631004C87F4 /* LaunchScreen.storyboard */ = {
			isa = PBXVariantGroup;
			children = (
				48FF7BD823F69631004C87F4 /* Base */,
			);
			name = LaunchScreen.storyboard;
			sourceTree = "<group>";
		};
/* End PBXVariantGroup section */

/* Begin XCBuildConfiguration section */
		48FF7BDB23F69631004C87F4 /* Debug */ = {
			isa = XCBuildConfiguration;
			buildSettings = {
				ALWAYS_SEARCH_USER_PATHS = NO;
				CLANG_ANALYZER_NONNULL = YES;
				CLANG_ANALYZER_NUMBER_OBJECT_CONVERSION = YES_AGGRESSIVE;
				CLANG_CXX_LANGUAGE_STANDARD = "gnu++14";
				CLANG_CXX_LIBRARY = "libc++";
				CLANG_ENABLE_MODULES = YES;
				CLANG_ENABLE_OBJC_ARC = YES;
				CLANG_ENABLE_OBJC_WEAK = YES;
				CLANG_WARN_BLOCK_CAPTURE_AUTORELEASING = YES;
				CLANG_WARN_BOOL_CONVERSION = YES;
				CLANG_WARN_COMMA = YES;
				CLANG_WARN_CONSTANT_CONVERSION = YES;
				CLANG_WARN_DEPRECATED_OBJC_IMPLEMENTATIONS = YES;
				CLANG_WARN_DIRECT_OBJC_ISA_USAGE = YES_ERROR;
				CLANG_WARN_DOCUMENTATION_COMMENTS = YES;
				CLANG_WARN_EMPTY_BODY = YES;
				CLANG_WARN_ENUM_CONVERSION = YES;
				CLANG_WARN_INFINITE_RECURSION = YES;
				CLANG_WARN_INT_CONVERSION = YES;
				CLANG_WARN_NON_LITERAL_NULL_CONVERSION = YES;
				CLANG_WARN_OBJC_IMPLICIT_RETAIN_SELF = YES;
				CLANG_WARN_OBJC_LITERAL_CONVERSION = YES;
				CLANG_WARN_OBJC_ROOT_CLASS = YES_ERROR;
				CLANG_WARN_RANGE_LOOP_ANALYSIS = YES;
				CLANG_WARN_STRICT_PROTOTYPES = YES;
				CLANG_WARN_SUSPICIOUS_MOVE = YES;
				CLANG_WARN_UNGUARDED_AVAILABILITY = YES_AGGRESSIVE;
				CLANG_WARN_UNREACHABLE_CODE = YES;
				CLANG_WARN__DUPLICATE_METHOD_MATCH = YES;
				COPY_PHASE_STRIP = NO;
				DEBUG_INFORMATION_FORMAT = dwarf;
				ENABLE_STRICT_OBJC_MSGSEND = YES;
				ENABLE_TESTABILITY = YES;
				GCC_C_LANGUAGE_STANDARD = gnu11;
				GCC_DYNAMIC_NO_PIC = NO;
				GCC_NO_COMMON_BLOCKS = YES;
				GCC_OPTIMIZATION_LEVEL = 0;
				GCC_PREPROCESSOR_DEFINITIONS = (
					"DEBUG=1",
					"$(inherited)",
				);
				GCC_WARN_64_TO_32_BIT_CONVERSION = YES;
				GCC_WARN_ABOUT_RETURN_TYPE = YES_ERROR;
				GCC_WARN_UNDECLARED_SELECTOR = YES;
				GCC_WARN_UNINITIALIZED_AUTOS = YES_AGGRESSIVE;
				GCC_WARN_UNUSED_FUNCTION = YES;
				GCC_WARN_UNUSED_VARIABLE = YES;
				IPHONEOS_DEPLOYMENT_TARGET = 13.2;
				MTL_ENABLE_DEBUG_INFO = INCLUDE_SOURCE;
				MTL_FAST_MATH = YES;
				ONLY_ACTIVE_ARCH = YES;
				SDKROOT = iphoneos;
				SWIFT_ACTIVE_COMPILATION_CONDITIONS = DEBUG;
				SWIFT_OPTIMIZATION_LEVEL = "-Onone";
			};
			name = Debug;
		};
		48FF7BDC23F69631004C87F4 /* Release */ = {
			isa = XCBuildConfiguration;
			buildSettings = {
				ALWAYS_SEARCH_USER_PATHS = NO;
				CLANG_ANALYZER_NONNULL = YES;
				CLANG_ANALYZER_NUMBER_OBJECT_CONVERSION = YES_AGGRESSIVE;
				CLANG_CXX_LANGUAGE_STANDARD = "gnu++14";
				CLANG_CXX_LIBRARY = "libc++";
				CLANG_ENABLE_MODULES = YES;
				CLANG_ENABLE_OBJC_ARC = YES;
				CLANG_ENABLE_OBJC_WEAK = YES;
				CLANG_WARN_BLOCK_CAPTURE_AUTORELEASING = YES;
				CLANG_WARN_BOOL_CONVERSION = YES;
				CLANG_WARN_COMMA = YES;
				CLANG_WARN_CONSTANT_CONVERSION = YES;
				CLANG_WARN_DEPRECATED_OBJC_IMPLEMENTATIONS = YES;
				CLANG_WARN_DIRECT_OBJC_ISA_USAGE = YES_ERROR;
				CLANG_WARN_DOCUMENTATION_COMMENTS = YES;
				CLANG_WARN_EMPTY_BODY = YES;
				CLANG_WARN_ENUM_CONVERSION = YES;
				CLANG_WARN_INFINITE_RECURSION = YES;
				CLANG_WARN_INT_CONVERSION = YES;
				CLANG_WARN_NON_LITERAL_NULL_CONVERSION = YES;
				CLANG_WARN_OBJC_IMPLICIT_RETAIN_SELF = YES;
				CLANG_WARN_OBJC_LITERAL_CONVERSION = YES;
				CLANG_WARN_OBJC_ROOT_CLASS = YES_ERROR;
				CLANG_WARN_RANGE_LOOP_ANALYSIS = YES;
				CLANG_WARN_STRICT_PROTOTYPES = YES;
				CLANG_WARN_SUSPICIOUS_MOVE = YES;
				CLANG_WARN_UNGUARDED_AVAILABILITY = YES_AGGRESSIVE;
				CLANG_WARN_UNREACHABLE_CODE = YES;
				CLANG_WARN__DUPLICATE_METHOD_MATCH = YES;
				COPY_PHASE_STRIP = NO;
				DEBUG_INFORMATION_FORMAT = "dwarf-with-dsym";
				ENABLE_NS_ASSERTIONS = NO;
				ENABLE_STRICT_OBJC_MSGSEND = YES;
				GCC_C_LANGUAGE_STANDARD = gnu11;
				GCC_NO_COMMON_BLOCKS = YES;
				GCC_WARN_64_TO_32_BIT_CONVERSION = YES;
				GCC_WARN_ABOUT_RETURN_TYPE = YES_ERROR;
				GCC_WARN_UNDECLARED_SELECTOR = YES;
				GCC_WARN_UNINITIALIZED_AUTOS = YES_AGGRESSIVE;
				GCC_WARN_UNUSED_FUNCTION = YES;
				GCC_WARN_UNUSED_VARIABLE = YES;
				IPHONEOS_DEPLOYMENT_TARGET = 13.2;
				MTL_ENABLE_DEBUG_INFO = NO;
				MTL_FAST_MATH = YES;
				SDKROOT = iphoneos;
				SWIFT_COMPILATION_MODE = wholemodule;
				SWIFT_OPTIMIZATION_LEVEL = "-O";
				VALIDATE_PRODUCT = YES;
			};
			name = Release;
		};
		48FF7BDE23F69631004C87F4 /* Debug */ = {
			isa = XCBuildConfiguration;
			buildSettings = {
				ASSETCATALOG_COMPILER_APPICON_NAME = AppIcon;
				CODE_SIGN_STYLE = Automatic;
				DEVELOPMENT_TEAM = 49Y559N5CS;
				INFOPLIST_FILE = "Guess the Flag/Info.plist";
				LD_RUNPATH_SEARCH_PATHS = (
					"$(inherited)",
					"@executable_path/Frameworks",
				);
				PRODUCT_BUNDLE_IDENTIFIER = "com.artnest.Guess-the-Flag";
				PRODUCT_NAME = "$(TARGET_NAME)";
				SWIFT_VERSION = 5.0;
				TARGETED_DEVICE_FAMILY = "1,2";
			};
			name = Debug;
		};
		48FF7BDF23F69631004C87F4 /* Release */ = {
			isa = XCBuildConfiguration;
			buildSettings = {
				ASSETCATALOG_COMPILER_APPICON_NAME = AppIcon;
				CODE_SIGN_STYLE = Automatic;
				DEVELOPMENT_TEAM = 49Y559N5CS;
				INFOPLIST_FILE = "Guess the Flag/Info.plist";
				LD_RUNPATH_SEARCH_PATHS = (
					"$(inherited)",
					"@executable_path/Frameworks",
				);
				PRODUCT_BUNDLE_IDENTIFIER = "com.artnest.Guess-the-Flag";
				PRODUCT_NAME = "$(TARGET_NAME)";
				SWIFT_VERSION = 5.0;
				TARGETED_DEVICE_FAMILY = "1,2";
			};
			name = Release;
		};
/* End XCBuildConfiguration section */

/* Begin XCConfigurationList section */
		48FF7BC423F6962C004C87F4 /* Build configuration list for PBXProject "Guess the Flag" */ = {
			isa = XCConfigurationList;
			buildConfigurations = (
				48FF7BDB23F69631004C87F4 /* Debug */,
				48FF7BDC23F69631004C87F4 /* Release */,
			);
			defaultConfigurationIsVisible = 0;
			defaultConfigurationName = Release;
		};
		48FF7BDD23F69631004C87F4 /* Build configuration list for PBXNativeTarget "Guess the Flag" */ = {
			isa = XCConfigurationList;
			buildConfigurations = (
				48FF7BDE23F69631004C87F4 /* Debug */,
				48FF7BDF23F69631004C87F4 /* Release */,
			);
			defaultConfigurationIsVisible = 0;
			defaultConfigurationName = Release;
		};
/* End XCConfigurationList section */
	};
	rootObject = 48FF7BC123F6962C004C87F4 /* Project object */;
}
